// !$*UTF8*$!
{
	archiveVersion = 1;
	classes = {
	};
	objectVersion = 51;
	objects = {

/* Begin PBXBuildFile section */
		2904476122263C1C6AF29DD6 /* Pods_CounterApp_RxSwift.framework in Frameworks */ = {isa = PBXBuildFile; fileRef = 37284B813D9887C24A645336 /* Pods_CounterApp_RxSwift.framework */; };
		470D851A26C14CD100B201CE /* AppDelegate.swift in Sources */ = {isa = PBXBuildFile; fileRef = 470D851926C14CD100B201CE /* AppDelegate.swift */; };
		470D851C26C14CD100B201CE /* SceneDelegate.swift in Sources */ = {isa = PBXBuildFile; fileRef = 470D851B26C14CD100B201CE /* SceneDelegate.swift */; };
		470D851E26C14CD100B201CE /* ViewController.swift in Sources */ = {isa = PBXBuildFile; fileRef = 470D851D26C14CD100B201CE /* ViewController.swift */; };
		470D852326C14CD200B201CE /* Assets.xcassets in Resources */ = {isa = PBXBuildFile; fileRef = 470D852226C14CD200B201CE /* Assets.xcassets */; };
		470D852626C14CD200B201CE /* LaunchScreen.storyboard in Resources */ = {isa = PBXBuildFile; fileRef = 470D852426C14CD200B201CE /* LaunchScreen.storyboard */; };
		470D852E26C14D0D00B201CE /* ViewController.xib in Resources */ = {isa = PBXBuildFile; fileRef = 470D852D26C14D0D00B201CE /* ViewController.xib */; };
		470D853026C14F3100B201CE /* CounterViewModel.swift in Sources */ = {isa = PBXBuildFile; fileRef = 470D852F26C14F3100B201CE /* CounterViewModel.swift */; };
/* End PBXBuildFile section */

/* Begin PBXFileReference section */
		28C0B2F928E0358FEBC9A7CB /* Pods-CounterApp-RxSwift.release.xcconfig */ = {isa = PBXFileReference; includeInIndex = 1; lastKnownFileType = text.xcconfig; name = "Pods-CounterApp-RxSwift.release.xcconfig"; path = "Target Support Files/Pods-CounterApp-RxSwift/Pods-CounterApp-RxSwift.release.xcconfig"; sourceTree = "<group>"; };
		37284B813D9887C24A645336 /* Pods_CounterApp_RxSwift.framework */ = {isa = PBXFileReference; explicitFileType = wrapper.framework; includeInIndex = 0; path = Pods_CounterApp_RxSwift.framework; sourceTree = BUILT_PRODUCTS_DIR; };
		470D851626C14CD100B201CE /* CounterApp-RxSwift.app */ = {isa = PBXFileReference; explicitFileType = wrapper.application; includeInIndex = 0; path = "CounterApp-RxSwift.app"; sourceTree = BUILT_PRODUCTS_DIR; };
		470D851926C14CD100B201CE /* AppDelegate.swift */ = {isa = PBXFileReference; lastKnownFileType = sourcecode.swift; path = AppDelegate.swift; sourceTree = "<group>"; };
		470D851B26C14CD100B201CE /* SceneDelegate.swift */ = {isa = PBXFileReference; lastKnownFileType = sourcecode.swift; path = SceneDelegate.swift; sourceTree = "<group>"; };
		470D851D26C14CD100B201CE /* ViewController.swift */ = {isa = PBXFileReference; lastKnownFileType = sourcecode.swift; path = ViewController.swift; sourceTree = "<group>"; };
		470D852226C14CD200B201CE /* Assets.xcassets */ = {isa = PBXFileReference; lastKnownFileType = folder.assetcatalog; path = Assets.xcassets; sourceTree = "<group>"; };
		470D852526C14CD200B201CE /* Base */ = {isa = PBXFileReference; lastKnownFileType = file.storyboard; name = Base; path = Base.lproj/LaunchScreen.storyboard; sourceTree = "<group>"; };
		470D852726C14CD200B201CE /* Info.plist */ = {isa = PBXFileReference; lastKnownFileType = text.plist.xml; path = Info.plist; sourceTree = "<group>"; };
		470D852D26C14D0D00B201CE /* ViewController.xib */ = {isa = PBXFileReference; lastKnownFileType = file.xib; path = ViewController.xib; sourceTree = "<group>"; };
		470D852F26C14F3100B201CE /* CounterViewModel.swift */ = {isa = PBXFileReference; lastKnownFileType = sourcecode.swift; path = CounterViewModel.swift; sourceTree = "<group>"; };
		7EC2087D3DB5DCE2C014E34E /* Pods-CounterApp-RxSwift.debug.xcconfig */ = {isa = PBXFileReference; includeInIndex = 1; lastKnownFileType = text.xcconfig; name = "Pods-CounterApp-RxSwift.debug.xcconfig"; path = "Target Support Files/Pods-CounterApp-RxSwift/Pods-CounterApp-RxSwift.debug.xcconfig"; sourceTree = "<group>"; };
/* End PBXFileReference section */

/* Begin PBXFrameworksBuildPhase section */
		470D851326C14CD100B201CE /* Frameworks */ = {
			isa = PBXFrameworksBuildPhase;
			buildActionMask = 2147483647;
			files = (
				2904476122263C1C6AF29DD6 /* Pods_CounterApp_RxSwift.framework in Frameworks */,
			);
			runOnlyForDeploymentPostprocessing = 0;
		};
/* End PBXFrameworksBuildPhase section */

/* Begin PBXGroup section */
		470D850D26C14CD100B201CE = {
			isa = PBXGroup;
			children = (
				470D851826C14CD100B201CE /* CounterApp-RxSwift */,
				470D851726C14CD100B201CE /* Products */,
				90BD7BFE73F3A5C1B6C91D04 /* Pods */,
				59B7464FF98FA4F46DB0E4E8 /* Frameworks */,
			);
			sourceTree = "<group>";
		};
		470D851726C14CD100B201CE /* Products */ = {
			isa = PBXGroup;
			children = (
				470D851626C14CD100B201CE /* CounterApp-RxSwift.app */,
			);
			name = Products;
			sourceTree = "<group>";
		};
		470D851826C14CD100B201CE /* CounterApp-RxSwift */ = {
			isa = PBXGroup;
			children = (
				470D851926C14CD100B201CE /* AppDelegate.swift */,
				470D851B26C14CD100B201CE /* SceneDelegate.swift */,
				470D851D26C14CD100B201CE /* ViewController.swift */,
				470D852F26C14F3100B201CE /* CounterViewModel.swift */,
				470D852226C14CD200B201CE /* Assets.xcassets */,
				470D852426C14CD200B201CE /* LaunchScreen.storyboard */,
				470D852D26C14D0D00B201CE /* ViewController.xib */,
				470D852726C14CD200B201CE /* Info.plist */,
			);
			path = "CounterApp-RxSwift";
			sourceTree = "<group>";
		};
		59B7464FF98FA4F46DB0E4E8 /* Frameworks */ = {
			isa = PBXGroup;
			children = (
				37284B813D9887C24A645336 /* Pods_CounterApp_RxSwift.framework */,
			);
			name = Frameworks;
			sourceTree = "<group>";
		};
		90BD7BFE73F3A5C1B6C91D04 /* Pods */ = {
			isa = PBXGroup;
			children = (
				7EC2087D3DB5DCE2C014E34E /* Pods-CounterApp-RxSwift.debug.xcconfig */,
				28C0B2F928E0358FEBC9A7CB /* Pods-CounterApp-RxSwift.release.xcconfig */,
			);
			path = Pods;
			sourceTree = "<group>";
		};
/* End PBXGroup section */

/* Begin PBXNativeTarget section */
		470D851526C14CD100B201CE /* CounterApp-RxSwift */ = {
			isa = PBXNativeTarget;
			buildConfigurationList = 470D852A26C14CD200B201CE /* Build configuration list for PBXNativeTarget "CounterApp-RxSwift" */;
			buildPhases = (
				E9B07B21EC030AC3560D0703 /* [CP] Check Pods Manifest.lock */,
				470D851226C14CD100B201CE /* Sources */,
				470D851326C14CD100B201CE /* Frameworks */,
				470D851426C14CD100B201CE /* Resources */,
				A60A53467ADAABF7B7184A08 /* [CP] Embed Pods Frameworks */,
			);
			buildRules = (
			);
			dependencies = (
			);
			name = "CounterApp-RxSwift";
			productName = "CounterApp-RxSwift";
			productReference = 470D851626C14CD100B201CE /* CounterApp-RxSwift.app */;
			productType = "com.apple.product-type.application";
		};
/* End PBXNativeTarget section */

/* Begin PBXProject section */
		470D850E26C14CD100B201CE /* Project object */ = {
			isa = PBXProject;
			attributes = {
				LastSwiftUpdateCheck = 1250;
				LastUpgradeCheck = 1250;
				TargetAttributes = {
					470D851526C14CD100B201CE = {
						CreatedOnToolsVersion = 12.5.1;
					};
				};
			};
			buildConfigurationList = 470D851126C14CD100B201CE /* Build configuration list for PBXProject "CounterApp-RxSwift" */;
			compatibilityVersion = "Xcode 9.3";
			developmentRegion = en;
			hasScannedForEncodings = 0;
			knownRegions = (
				en,
				Base,
			);
			mainGroup = 470D850D26C14CD100B201CE;
			productRefGroup = 470D851726C14CD100B201CE /* Products */;
			projectDirPath = "";
			projectRoot = "";
			targets = (
				470D851526C14CD100B201CE /* CounterApp-RxSwift */,
			);
		};
/* End PBXProject section */

/* Begin PBXResourcesBuildPhase section */
		470D851426C14CD100B201CE /* Resources */ = {
			isa = PBXResourcesBuildPhase;
			buildActionMask = 2147483647;
			files = (
				470D852626C14CD200B201CE /* LaunchScreen.storyboard in Resources */,
				470D852E26C14D0D00B201CE /* ViewController.xib in Resources */,
				470D852326C14CD200B201CE /* Assets.xcassets in Resources */,
			);
			runOnlyForDeploymentPostprocessing = 0;
		};
/* End PBXResourcesBuildPhase section */

/* Begin PBXShellScriptBuildPhase section */
		A60A53467ADAABF7B7184A08 /* [CP] Embed Pods Frameworks */ = {
			isa = PBXShellScriptBuildPhase;
			buildActionMask = 2147483647;
			files = (
			);
			inputFileListPaths = (
				"${PODS_ROOT}/Target Support Files/Pods-CounterApp-RxSwift/Pods-CounterApp-RxSwift-frameworks-${CONFIGURATION}-input-files.xcfilelist",
			);
			name = "[CP] Embed Pods Frameworks";
			outputFileListPaths = (
				"${PODS_ROOT}/Target Support Files/Pods-CounterApp-RxSwift/Pods-CounterApp-RxSwift-frameworks-${CONFIGURATION}-output-files.xcfilelist",
			);
			runOnlyForDeploymentPostprocessing = 0;
			shellPath = /bin/sh;
			shellScript = "\"${PODS_ROOT}/Target Support Files/Pods-CounterApp-RxSwift/Pods-CounterApp-RxSwift-frameworks.sh\"\n";
			showEnvVarsInLog = 0;
		};
		E9B07B21EC030AC3560D0703 /* [CP] Check Pods Manifest.lock */ = {
			isa = PBXShellScriptBuildPhase;
			buildActionMask = 2147483647;
			files = (
			);
			inputFileListPaths = (
			);
			inputPaths = (
				"${PODS_PODFILE_DIR_PATH}/Podfile.lock",
				"${PODS_ROOT}/Manifest.lock",
			);
			name = "[CP] Check Pods Manifest.lock";
			outputFileListPaths = (
			);
			outputPaths = (
				"$(DERIVED_FILE_DIR)/Pods-CounterApp-RxSwift-checkManifestLockResult.txt",
			);
			runOnlyForDeploymentPostprocessing = 0;
			shellPath = /bin/sh;
			shellScript = "diff \"${PODS_PODFILE_DIR_PATH}/Podfile.lock\" \"${PODS_ROOT}/Manifest.lock\" > /dev/null\nif [ $? != 0 ] ; then\n    # print error to STDERR\n    echo \"error: The sandbox is not in sync with the Podfile.lock. Run 'pod install' or update your CocoaPods installation.\" >&2\n    exit 1\nfi\n# This output is used by Xcode 'outputs' to avoid re-running this script phase.\necho \"SUCCESS\" > \"${SCRIPT_OUTPUT_FILE_0}\"\n";
			showEnvVarsInLog = 0;
		};
/* End PBXShellScriptBuildPhase section */

/* Begin PBXSourcesBuildPhase section */
		470D851226C14CD100B201CE /* Sources */ = {
			isa = PBXSourcesBuildPhase;
			buildActionMask = 2147483647;
			files = (
				470D851E26C14CD100B201CE /* ViewController.swift in Sources */,
				470D853026C14F3100B201CE /* CounterViewModel.swift in Sources */,
				470D851A26C14CD100B201CE /* AppDelegate.swift in Sources */,
				470D851C26C14CD100B201CE /* SceneDelegate.swift in Sources */,
			);
			runOnlyForDeploymentPostprocessing = 0;
		};
/* End PBXSourcesBuildPhase section */

/* Begin PBXVariantGroup section */
		470D852426C14CD200B201CE /* LaunchScreen.storyboard */ = {
			isa = PBXVariantGroup;
			children = (
				470D852526C14CD200B201CE /* Base */,
			);
			name = LaunchScreen.storyboard;
			sourceTree = "<group>";
		};
/* End PBXVariantGroup section */

/* Begin XCBuildConfiguration section */
		470D852826C14CD200B201CE /* Debug */ = {
			isa = XCBuildConfiguration;
			buildSettings = {
				ALWAYS_SEARCH_USER_PATHS = NO;
				CLANG_ANALYZER_NONNULL = YES;
				CLANG_ANALYZER_NUMBER_OBJECT_CONVERSION = YES_AGGRESSIVE;
				CLANG_CXX_LANGUAGE_STANDARD = "gnu++14";
				CLANG_CXX_LIBRARY = "libc++";
				CLANG_ENABLE_MODULES = YES;
				CLANG_ENABLE_OBJC_ARC = YES;
				CLANG_ENABLE_OBJC_WEAK = YES;
				CLANG_WARN_BLOCK_CAPTURE_AUTORELEASING = YES;
				CLANG_WARN_BOOL_CONVERSION = YES;
				CLANG_WARN_COMMA = YES;
				CLANG_WARN_CONSTANT_CONVERSION = YES;
				CLANG_WARN_DEPRECATED_OBJC_IMPLEMENTATIONS = YES;
				CLANG_WARN_DIRECT_OBJC_ISA_USAGE = YES_ERROR;
				CLANG_WARN_DOCUMENTATION_COMMENTS = YES;
				CLANG_WARN_EMPTY_BODY = YES;
				CLANG_WARN_ENUM_CONVERSION = YES;
				CLANG_WARN_INFINITE_RECURSION = YES;
				CLANG_WARN_INT_CONVERSION = YES;
				CLANG_WARN_NON_LITERAL_NULL_CONVERSION = YES;
				CLANG_WARN_OBJC_IMPLICIT_RETAIN_SELF = YES;
				CLANG_WARN_OBJC_LITERAL_CONVERSION = YES;
				CLANG_WARN_OBJC_ROOT_CLASS = YES_ERROR;
				CLANG_WARN_QUOTED_INCLUDE_IN_FRAMEWORK_HEADER = YES;
				CLANG_WARN_RANGE_LOOP_ANALYSIS = YES;
				CLANG_WARN_STRICT_PROTOTYPES = YES;
				CLANG_WARN_SUSPICIOUS_MOVE = YES;
				CLANG_WARN_UNGUARDED_AVAILABILITY = YES_AGGRESSIVE;
				CLANG_WARN_UNREACHABLE_CODE = YES;
				CLANG_WARN__DUPLICATE_METHOD_MATCH = YES;
				COPY_PHASE_STRIP = NO;
				DEBUG_INFORMATION_FORMAT = dwarf;
				ENABLE_STRICT_OBJC_MSGSEND = YES;
				ENABLE_TESTABILITY = YES;
				GCC_C_LANGUAGE_STANDARD = gnu11;
				GCC_DYNAMIC_NO_PIC = NO;
				GCC_NO_COMMON_BLOCKS = YES;
				GCC_OPTIMIZATION_LEVEL = 0;
				GCC_PREPROCESSOR_DEFINITIONS = (
					"DEBUG=1",
					"$(inherited)",
				);
				GCC_WARN_64_TO_32_BIT_CONVERSION = YES;
				GCC_WARN_ABOUT_RETURN_TYPE = YES_ERROR;
				GCC_WARN_UNDECLARED_SELECTOR = YES;
				GCC_WARN_UNINITIALIZED_AUTOS = YES_AGGRESSIVE;
				GCC_WARN_UNUSED_FUNCTION = YES;
				GCC_WARN_UNUSED_VARIABLE = YES;
				IPHONEOS_DEPLOYMENT_TARGET = 14.5;
				MTL_ENABLE_DEBUG_INFO = INCLUDE_SOURCE;
				MTL_FAST_MATH = YES;
				ONLY_ACTIVE_ARCH = YES;
				SDKROOT = iphoneos;
				SWIFT_ACTIVE_COMPILATION_CONDITIONS = DEBUG;
				SWIFT_OPTIMIZATION_LEVEL = "-Onone";
			};
			name = Debug;
		};
		470D852926C14CD200B201CE /* Release */ = {
			isa = XCBuildConfiguration;
			buildSettings = {
				ALWAYS_SEARCH_USER_PATHS = NO;
				CLANG_ANALYZER_NONNULL = YES;
				CLANG_ANALYZER_NUMBER_OBJECT_CONVERSION = YES_AGGRESSIVE;
				CLANG_CXX_LANGUAGE_STANDARD = "gnu++14";
				CLANG_CXX_LIBRARY = "libc++";
				CLANG_ENABLE_MODULES = YES;
				CLANG_ENABLE_OBJC_ARC = YES;
				CLANG_ENABLE_OBJC_WEAK = YES;
				CLANG_WARN_BLOCK_CAPTURE_AUTORELEASING = YES;
				CLANG_WARN_BOOL_CONVERSION = YES;
				CLANG_WARN_COMMA = YES;
				CLANG_WARN_CONSTANT_CONVERSION = YES;
				CLANG_WARN_DEPRECATED_OBJC_IMPLEMENTATIONS = YES;
				CLANG_WARN_DIRECT_OBJC_ISA_USAGE = YES_ERROR;
				CLANG_WARN_DOCUMENTATION_COMMENTS = YES;
				CLANG_WARN_EMPTY_BODY = YES;
				CLANG_WARN_ENUM_CONVERSION = YES;
				CLANG_WARN_INFINITE_RECURSION = YES;
				CLANG_WARN_INT_CONVERSION = YES;
				CLANG_WARN_NON_LITERAL_NULL_CONVERSION = YES;
				CLANG_WARN_OBJC_IMPLICIT_RETAIN_SELF = YES;
				CLANG_WARN_OBJC_LITERAL_CONVERSION = YES;
				CLANG_WARN_OBJC_ROOT_CLASS = YES_ERROR;
				CLANG_WARN_QUOTED_INCLUDE_IN_FRAMEWORK_HEADER = YES;
				CLANG_WARN_RANGE_LOOP_ANALYSIS = YES;
				CLANG_WARN_STRICT_PROTOTYPES = YES;
				CLANG_WARN_SUSPICIOUS_MOVE = YES;
				CLANG_WARN_UNGUARDED_AVAILABILITY = YES_AGGRESSIVE;
				CLANG_WARN_UNREACHABLE_CODE = YES;
				CLANG_WARN__DUPLICATE_METHOD_MATCH = YES;
				COPY_PHASE_STRIP = NO;
				DEBUG_INFORMATION_FORMAT = "dwarf-with-dsym";
				ENABLE_NS_ASSERTIONS = NO;
				ENABLE_STRICT_OBJC_MSGSEND = YES;
				GCC_C_LANGUAGE_STANDARD = gnu11;
				GCC_NO_COMMON_BLOCKS = YES;
				GCC_WARN_64_TO_32_BIT_CONVERSION = YES;
				GCC_WARN_ABOUT_RETURN_TYPE = YES_ERROR;
				GCC_WARN_UNDECLARED_SELECTOR = YES;
				GCC_WARN_UNINITIALIZED_AUTOS = YES_AGGRESSIVE;
				GCC_WARN_UNUSED_FUNCTION = YES;
				GCC_WARN_UNUSED_VARIABLE = YES;
				IPHONEOS_DEPLOYMENT_TARGET = 14.5;
				MTL_ENABLE_DEBUG_INFO = NO;
				MTL_FAST_MATH = YES;
				SDKROOT = iphoneos;
				SWIFT_COMPILATION_MODE = wholemodule;
				SWIFT_OPTIMIZATION_LEVEL = "-O";
				VALIDATE_PRODUCT = YES;
			};
			name = Release;
		};
		470D852B26C14CD200B201CE /* Debug */ = {
			isa = XCBuildConfiguration;
			baseConfigurationReference = 7EC2087D3DB5DCE2C014E34E /* Pods-CounterApp-RxSwift.debug.xcconfig */;
			buildSettings = {
				ASSETCATALOG_COMPILER_APPICON_NAME = AppIcon;
				ASSETCATALOG_COMPILER_GLOBAL_ACCENT_COLOR_NAME = AccentColor;
				CODE_SIGN_STYLE = Automatic;
				DEVELOPMENT_TEAM = HAMLUR4PQA;
				INFOPLIST_FILE = "CounterApp-RxSwift/Info.plist";
				LD_RUNPATH_SEARCH_PATHS = (
					"$(inherited)",
					"@executable_path/Frameworks",
				);
				PRODUCT_BUNDLE_IDENTIFIER = "com.kyohei.CounterApp-RxSwift";
				PRODUCT_NAME = "$(TARGET_NAME)";
				SWIFT_VERSION = 5.0;
				TARGETED_DEVICE_FAMILY = 1;
			};
			name = Debug;
		};
		470D852C26C14CD200B201CE /* Release */ = {
			isa = XCBuildConfiguration;
			baseConfigurationReference = 28C0B2F928E0358FEBC9A7CB /* Pods-CounterApp-RxSwift.release.xcconfig */;
			buildSettings = {
				ASSETCATALOG_COMPILER_APPICON_NAME = AppIcon;
				ASSETCATALOG_COMPILER_GLOBAL_ACCENT_COLOR_NAME = AccentColor;
				CODE_SIGN_STYLE = Automatic;
				DEVELOPMENT_TEAM = HAMLUR4PQA;
				INFOPLIST_FILE = "CounterApp-RxSwift/Info.plist";
				LD_RUNPATH_SEARCH_PATHS = (
					"$(inherited)",
					"@executable_path/Frameworks",
				);
				PRODUCT_BUNDLE_IDENTIFIER = "com.kyohei.CounterApp-RxSwift";
				PRODUCT_NAME = "$(TARGET_NAME)";
				SWIFT_VERSION = 5.0;
				TARGETED_DEVICE_FAMILY = 1;
			};
			name = Release;
		};
/* End XCBuildConfiguration section */

/* Begin XCConfigurationList section */
		470D851126C14CD100B201CE /* Build configuration list for PBXProject "CounterApp-RxSwift" */ = {
			isa = XCConfigurationList;
			buildConfigurations = (
				470D852826C14CD200B201CE /* Debug */,
				470D852926C14CD200B201CE /* Release */,
			);
			defaultConfigurationIsVisible = 0;
			defaultConfigurationName = Release;
		};
		470D852A26C14CD200B201CE /* Build configuration list for PBXNativeTarget "CounterApp-RxSwift" */ = {
			isa = XCConfigurationList;
			buildConfigurations = (
				470D852B26C14CD200B201CE /* Debug */,
				470D852C26C14CD200B201CE /* Release */,
			);
			defaultConfigurationIsVisible = 0;
			defaultConfigurationName = Release;
		};
/* End XCConfigurationList section */
	};
	rootObject = 470D850E26C14CD100B201CE /* Project object */;
}
